{
    "_readme": [
        "This file locks the dependencies of your project to a known state",
        "Read more about it at https://getcomposer.org/doc/01-basic-usage.md#installing-dependencies",
        "This file is @generated automatically"
    ],
    "content-hash": "a4696d6fb01bbef62448b7d574948393",
    "packages": [
        {
            "name": "jefferson49/webtrees-common",
            "version": "1.2.1",
            "source": {
                "type": "git",
                "url": "https://github.com/Jefferson49/webtrees-common.git",
                "reference": "b3a00f9e84320f2a2968bb98d15212edab695bd2"
            },
            "require": {
                "php": ">=7.4"
            },
            "type": "library",
            "license": [
                "GPL-3.0"
            ],
            "description": "Library to share common code between webtrees custom modules",
            "keywords": [
                "custom-module",
                "webtree-module",
                "webtrees"
            ],
            "time": "2024-12-20T11:58:08+00:00"
        },
        {
            "name": "matriphe/iso-639",
            "version": "1.3",
            "source": {
                "type": "git",
                "url": "https://github.com/matriphe/php-iso-639.git",
                "reference": "9a4a5823147890e70e0e0f60f3baea95e8d3b5f1"
            },
            "require-dev": {
                "phpunit/phpunit": "^4.7"
            },
            "type": "library",
            "autoload": {
                "psr-4": {
                    "Matriphe\\ISO639\\": "src/"
                }
            },
            "license": [
                "MIT"
            ],
            "authors": [
                {
                    "name": "Muhammad Zamroni",
                    "email": "halo@matriphe.com"
                }
            ],
            "description": "PHP library to convert ISO-639-1 code to language name.",
            "keywords": [
                "639",
                "iso",
                "iso-639",
                "lang",
                "language",
                "laravel"
            ],
            "time": "2024-03-17T21:30:14+00:00"
        }
    ],
    "packages-dev": [],
    "aliases": [],
    "minimum-stability": "stable",
    "stability-flags": {},
    "prefer-stable": false,
    "prefer-lowest": false,
    "platform": {},
    "platform-dev": {},
    "plugin-api-version": "2.6.0"
}
